
Microsoft Visual Studio Solution File, Format Version 12.00
# Visual Studio 15
VisualStudioVersion = 15.0.27703.2000
MinimumVisualStudioVersion = 10.0.40219.1
Project("{FAE04EC0-301F-11D3-BF4B-00C04F79EFBC}") = "Lab4", "Lab4\Lab4.csproj", "{AD800A93-DBF0-409B-B47B-B6D9F1F8D386}"
EndProject
Global
	GlobalSection(SolutionConfigurationPlatforms) = preSolution
		Debug|Any CPU = Debug|Any CPU
		Release|Any CPU = Release|Any CPU
	EndGlobalSection
	GlobalSection(ProjectConfigurationPlatforms) = postSolution
		{AD800A93-DBF0-409B-B47B-B6D9F1F8D386}.Debug|Any CPU.ActiveCfg = Debug|Any CPU
		{AD800A93-DBF0-409B-B47B-B6D9F1F8D386}.Debug|Any CPU.Build.0 = Debug|Any CPU
		{AD800A93-DBF0-409B-B47B-B6D9F1F8D386}.Release|Any CPU.ActiveCfg = Release|Any CPU
		{AD800A93-DBF0-409B-B47B-B6D9F1F8D386}.Release|Any CPU.Build.0 = Release|Any CPU
	EndGlobalSection
	GlobalSection(SolutionProperties) = preSolution
		HideSolutionNode = FALSE
	EndGlobalSection
	GlobalSection(ExtensibilityGlobals) = postSolution
		SolutionGuid = {4487DC82-E42E-4DAC-AF58-38E5D7C9A73D}
	EndGlobalSection
EndGlobal
